// !$*UTF8*$!
{
	archiveVersion = 1;
	classes = {
	};
	objectVersion = 46;
	objects = {

/* Begin PBXBuildFile section */
		D318AC521BE897520025160D /* CheckBox.swift in Sources */ = {isa = PBXBuildFile; fileRef = D318AC511BE897510025160D /* CheckBox.swift */; };
		D318AC541BE89B790025160D /* AnswersTable.swift in Sources */ = {isa = PBXBuildFile; fileRef = D318AC531BE89B790025160D /* AnswersTable.swift */; };
		D318AC561BE89D300025160D /* AnswersCell.swift in Sources */ = {isa = PBXBuildFile; fileRef = D318AC551BE89D300025160D /* AnswersCell.swift */; };
		D34038CC1BF0958600337B7D /* Main.storyboard in Resources */ = {isa = PBXBuildFile; fileRef = D34038CB1BF0958600337B7D /* Main.storyboard */; };
		D38B2CC91BF37596000A3E6D /* TouchID.swift in Sources */ = {isa = PBXBuildFile; fileRef = D38B2CC81BF37596000A3E6D /* TouchID.swift */; };
		D3DE84031BE452DA00261796 /* AppDelegate.swift in Sources */ = {isa = PBXBuildFile; fileRef = D3DE84021BE452DA00261796 /* AppDelegate.swift */; };
		D3DE84051BE452DA00261796 /* ViewController.swift in Sources */ = {isa = PBXBuildFile; fileRef = D3DE84041BE452DA00261796 /* ViewController.swift */; };
		D3DE840A1BE452DA00261796 /* Assets.xcassets in Resources */ = {isa = PBXBuildFile; fileRef = D3DE84091BE452DA00261796 /* Assets.xcassets */; };
		D3DE840D1BE452DA00261796 /* LaunchScreen.storyboard in Resources */ = {isa = PBXBuildFile; fileRef = D3DE840B1BE452DA00261796 /* LaunchScreen.storyboard */; };
		D3F6E32D1BE63C4600FAEC59 /* Bolts.framework in Frameworks */ = {isa = PBXBuildFile; fileRef = D3F6E32B1BE63C4600FAEC59 /* Bolts.framework */; };
		D3F6E32E1BE63C4600FAEC59 /* Parse.framework in Frameworks */ = {isa = PBXBuildFile; fileRef = D3F6E32C1BE63C4600FAEC59 /* Parse.framework */; settings = {ATTRIBUTES = (Required, ); }; };
		D3F6E3391BE6510A00FAEC59 /* AudioToolbox.framework in Frameworks */ = {isa = PBXBuildFile; fileRef = D3F6E32F1BE6510A00FAEC59 /* AudioToolbox.framework */; };
		D3F6E33A1BE6510A00FAEC59 /* CFNetwork.framework in Frameworks */ = {isa = PBXBuildFile; fileRef = D3F6E3301BE6510A00FAEC59 /* CFNetwork.framework */; };
		D3F6E33B1BE6510A00FAEC59 /* CoreGraphics.framework in Frameworks */ = {isa = PBXBuildFile; fileRef = D3F6E3311BE6510A00FAEC59 /* CoreGraphics.framework */; };
		D3F6E33C1BE6510A00FAEC59 /* CoreLocation.framework in Frameworks */ = {isa = PBXBuildFile; fileRef = D3F6E3321BE6510A00FAEC59 /* CoreLocation.framework */; };
		D3F6E33D1BE6510A00FAEC59 /* libsqlite3.tbd in Frameworks */ = {isa = PBXBuildFile; fileRef = D3F6E3331BE6510A00FAEC59 /* libsqlite3.tbd */; };
		D3F6E33E1BE6510A00FAEC59 /* libz.tbd in Frameworks */ = {isa = PBXBuildFile; fileRef = D3F6E3341BE6510A00FAEC59 /* libz.tbd */; };
		D3F6E33F1BE6510A00FAEC59 /* QuartzCore.framework in Frameworks */ = {isa = PBXBuildFile; fileRef = D3F6E3351BE6510A00FAEC59 /* QuartzCore.framework */; };
		D3F6E3401BE6510A00FAEC59 /* Security.framework in Frameworks */ = {isa = PBXBuildFile; fileRef = D3F6E3361BE6510A00FAEC59 /* Security.framework */; };
		D3F6E3411BE6510A00FAEC59 /* StoreKit.framework in Frameworks */ = {isa = PBXBuildFile; fileRef = D3F6E3371BE6510A00FAEC59 /* StoreKit.framework */; };
		D3F6E3421BE6510A00FAEC59 /* SystemConfiguration.framework in Frameworks */ = {isa = PBXBuildFile; fileRef = D3F6E3381BE6510A00FAEC59 /* SystemConfiguration.framework */; };
		D3F6E3441BE7480700FAEC59 /* ParseAPIClient.swift in Sources */ = {isa = PBXBuildFile; fileRef = D3F6E3431BE7480700FAEC59 /* ParseAPIClient.swift */; };
		D3F9D08A1BE96DDB00305D08 /* ResultsController.swift in Sources */ = {isa = PBXBuildFile; fileRef = D3F9D0891BE96DDB00305D08 /* ResultsController.swift */; };
		D3F9D08C1BE9FD3F00305D08 /* HistoryViewController.swift in Sources */ = {isa = PBXBuildFile; fileRef = D3F9D08B1BE9FD3F00305D08 /* HistoryViewController.swift */; };
		D3FF47F81BEB5BF000B2832B /* LoginController.swift in Sources */ = {isa = PBXBuildFile; fileRef = D3FF47F71BEB5BF000B2832B /* LoginController.swift */; };
/* End PBXBuildFile section */

/* Begin PBXFileReference section */
		D318AC511BE897510025160D /* CheckBox.swift */ = {isa = PBXFileReference; fileEncoding = 4; lastKnownFileType = sourcecode.swift; path = CheckBox.swift; sourceTree = "<group>"; };
		D318AC531BE89B790025160D /* AnswersTable.swift */ = {isa = PBXFileReference; fileEncoding = 4; lastKnownFileType = sourcecode.swift; path = AnswersTable.swift; sourceTree = "<group>"; };
		D318AC551BE89D300025160D /* AnswersCell.swift */ = {isa = PBXFileReference; fileEncoding = 4; lastKnownFileType = sourcecode.swift; path = AnswersCell.swift; sourceTree = "<group>"; };
		D34038CB1BF0958600337B7D /* Main.storyboard */ = {isa = PBXFileReference; fileEncoding = 4; lastKnownFileType = file.storyboard; path = Main.storyboard; sourceTree = "<group>"; };
		D38B2CC81BF37596000A3E6D /* TouchID.swift */ = {isa = PBXFileReference; fileEncoding = 4; lastKnownFileType = sourcecode.swift; path = TouchID.swift; sourceTree = "<group>"; };
		D3DE83FF1BE452DA00261796 /* AwareUser.app */ = {isa = PBXFileReference; explicitFileType = wrapper.application; includeInIndex = 0; path = AwareUser.app; sourceTree = BUILT_PRODUCTS_DIR; };
		D3DE84021BE452DA00261796 /* AppDelegate.swift */ = {isa = PBXFileReference; lastKnownFileType = sourcecode.swift; path = AppDelegate.swift; sourceTree = "<group>"; };
		D3DE84041BE452DA00261796 /* ViewController.swift */ = {isa = PBXFileReference; lastKnownFileType = sourcecode.swift; path = ViewController.swift; sourceTree = "<group>"; };
		D3DE84091BE452DA00261796 /* Assets.xcassets */ = {isa = PBXFileReference; lastKnownFileType = folder.assetcatalog; path = Assets.xcassets; sourceTree = "<group>"; };
		D3DE840C1BE452DA00261796 /* Base */ = {isa = PBXFileReference; lastKnownFileType = file.storyboard; name = Base; path = Base.lproj/LaunchScreen.storyboard; sourceTree = "<group>"; };
		D3DE840E1BE452DA00261796 /* Info.plist */ = {isa = PBXFileReference; lastKnownFileType = text.plist.xml; path = Info.plist; sourceTree = "<group>"; };
		D3F6E32B1BE63C4600FAEC59 /* Bolts.framework */ = {isa = PBXFileReference; lastKnownFileType = wrapper.framework; path = Bolts.framework; sourceTree = "<group>"; };
		D3F6E32C1BE63C4600FAEC59 /* Parse.framework */ = {isa = PBXFileReference; lastKnownFileType = wrapper.framework; path = Parse.framework; sourceTree = "<group>"; };
		D3F6E32F1BE6510A00FAEC59 /* AudioToolbox.framework */ = {isa = PBXFileReference; lastKnownFileType = wrapper.framework; name = AudioToolbox.framework; path = System/Library/Frameworks/AudioToolbox.framework; sourceTree = SDKROOT; };
		D3F6E3301BE6510A00FAEC59 /* CFNetwork.framework */ = {isa = PBXFileReference; lastKnownFileType = wrapper.framework; name = CFNetwork.framework; path = System/Library/Frameworks/CFNetwork.framework; sourceTree = SDKROOT; };
		D3F6E3311BE6510A00FAEC59 /* CoreGraphics.framework */ = {isa = PBXFileReference; lastKnownFileType = wrapper.framework; name = CoreGraphics.framework; path = System/Library/Frameworks/CoreGraphics.framework; sourceTree = SDKROOT; };
		D3F6E3321BE6510A00FAEC59 /* CoreLocation.framework */ = {isa = PBXFileReference; lastKnownFileType = wrapper.framework; name = CoreLocation.framework; path = System/Library/Frameworks/CoreLocation.framework; sourceTree = SDKROOT; };
		D3F6E3331BE6510A00FAEC59 /* libsqlite3.tbd */ = {isa = PBXFileReference; lastKnownFileType = "sourcecode.text-based-dylib-definition"; name = libsqlite3.tbd; path = usr/lib/libsqlite3.tbd; sourceTree = SDKROOT; };
		D3F6E3341BE6510A00FAEC59 /* libz.tbd */ = {isa = PBXFileReference; lastKnownFileType = "sourcecode.text-based-dylib-definition"; name = libz.tbd; path = usr/lib/libz.tbd; sourceTree = SDKROOT; };
		D3F6E3351BE6510A00FAEC59 /* QuartzCore.framework */ = {isa = PBXFileReference; lastKnownFileType = wrapper.framework; name = QuartzCore.framework; path = System/Library/Frameworks/QuartzCore.framework; sourceTree = SDKROOT; };
		D3F6E3361BE6510A00FAEC59 /* Security.framework */ = {isa = PBXFileReference; lastKnownFileType = wrapper.framework; name = Security.framework; path = System/Library/Frameworks/Security.framework; sourceTree = SDKROOT; };
		D3F6E3371BE6510A00FAEC59 /* StoreKit.framework */ = {isa = PBXFileReference; lastKnownFileType = wrapper.framework; name = StoreKit.framework; path = System/Library/Frameworks/StoreKit.framework; sourceTree = SDKROOT; };
		D3F6E3381BE6510A00FAEC59 /* SystemConfiguration.framework */ = {isa = PBXFileReference; lastKnownFileType = wrapper.framework; name = SystemConfiguration.framework; path = System/Library/Frameworks/SystemConfiguration.framework; sourceTree = SDKROOT; };
		D3F6E3431BE7480700FAEC59 /* ParseAPIClient.swift */ = {isa = PBXFileReference; fileEncoding = 4; lastKnownFileType = sourcecode.swift; path = ParseAPIClient.swift; sourceTree = "<group>"; };
		D3F9D0891BE96DDB00305D08 /* ResultsController.swift */ = {isa = PBXFileReference; fileEncoding = 4; lastKnownFileType = sourcecode.swift; path = ResultsController.swift; sourceTree = "<group>"; };
		D3F9D08B1BE9FD3F00305D08 /* HistoryViewController.swift */ = {isa = PBXFileReference; fileEncoding = 4; lastKnownFileType = sourcecode.swift; path = HistoryViewController.swift; sourceTree = "<group>"; };
		D3FF47F71BEB5BF000B2832B /* LoginController.swift */ = {isa = PBXFileReference; fileEncoding = 4; lastKnownFileType = sourcecode.swift; path = LoginController.swift; sourceTree = "<group>"; };
/* End PBXFileReference section */

/* Begin PBXFrameworksBuildPhase section */
		D3DE83FC1BE452DA00261796 /* Frameworks */ = {
			isa = PBXFrameworksBuildPhase;
			buildActionMask = 2147483647;
			files = (
				D3F6E3391BE6510A00FAEC59 /* AudioToolbox.framework in Frameworks */,
				D3F6E33A1BE6510A00FAEC59 /* CFNetwork.framework in Frameworks */,
				D3F6E33B1BE6510A00FAEC59 /* CoreGraphics.framework in Frameworks */,
				D3F6E33C1BE6510A00FAEC59 /* CoreLocation.framework in Frameworks */,
				D3F6E33D1BE6510A00FAEC59 /* libsqlite3.tbd in Frameworks */,
				D3F6E33E1BE6510A00FAEC59 /* libz.tbd in Frameworks */,
				D3F6E33F1BE6510A00FAEC59 /* QuartzCore.framework in Frameworks */,
				D3F6E3401BE6510A00FAEC59 /* Security.framework in Frameworks */,
				D3F6E3411BE6510A00FAEC59 /* StoreKit.framework in Frameworks */,
				D3F6E3421BE6510A00FAEC59 /* SystemConfiguration.framework in Frameworks */,
				D3F6E32E1BE63C4600FAEC59 /* Parse.framework in Frameworks */,
				D3F6E32D1BE63C4600FAEC59 /* Bolts.framework in Frameworks */,
			);
			runOnlyForDeploymentPostprocessing = 0;
		};
/* End PBXFrameworksBuildPhase section */

/* Begin PBXGroup section */
		D34038CD1BF0A8C100337B7D /* quiz */ = {
			isa = PBXGroup;
			children = (
				D3DE84041BE452DA00261796 /* ViewController.swift */,
				D318AC511BE897510025160D /* CheckBox.swift */,
				D318AC531BE89B790025160D /* AnswersTable.swift */,
				D318AC551BE89D300025160D /* AnswersCell.swift */,
				D3F9D0891BE96DDB00305D08 /* ResultsController.swift */,
				D3F9D08B1BE9FD3F00305D08 /* HistoryViewController.swift */,
			);
			name = quiz;
			sourceTree = "<group>";
		};
		D3DE83F61BE452DA00261796 = {
			isa = PBXGroup;
			children = (
				D3F6E32F1BE6510A00FAEC59 /* AudioToolbox.framework */,
				D3F6E3301BE6510A00FAEC59 /* CFNetwork.framework */,
				D3F6E3311BE6510A00FAEC59 /* CoreGraphics.framework */,
				D3F6E3321BE6510A00FAEC59 /* CoreLocation.framework */,
				D3F6E3331BE6510A00FAEC59 /* libsqlite3.tbd */,
				D3F6E3341BE6510A00FAEC59 /* libz.tbd */,
				D3F6E3351BE6510A00FAEC59 /* QuartzCore.framework */,
				D3F6E3361BE6510A00FAEC59 /* Security.framework */,
				D3F6E3371BE6510A00FAEC59 /* StoreKit.framework */,
				D3F6E3381BE6510A00FAEC59 /* SystemConfiguration.framework */,
				D3DE84011BE452DA00261796 /* AwareUser */,
				D3DE84001BE452DA00261796 /* Products */,
			);
			sourceTree = "<group>";
		};
		D3DE84001BE452DA00261796 /* Products */ = {
			isa = PBXGroup;
			children = (
				D3DE83FF1BE452DA00261796 /* AwareUser.app */,
			);
			name = Products;
			sourceTree = "<group>";
		};
		D3DE84011BE452DA00261796 /* AwareUser */ = {
			isa = PBXGroup;
			children = (
				D38B2CC81BF37596000A3E6D /* TouchID.swift */,
				D3DE84021BE452DA00261796 /* AppDelegate.swift */,
				D3FF47F71BEB5BF000B2832B /* LoginController.swift */,
				D3F6E3431BE7480700FAEC59 /* ParseAPIClient.swift */,
				D34038CD1BF0A8C100337B7D /* quiz */,
				D34038CB1BF0958600337B7D /* Main.storyboard */,
				D3DE84091BE452DA00261796 /* Assets.xcassets */,
				D3DE840B1BE452DA00261796 /* LaunchScreen.storyboard */,
				D3DE840E1BE452DA00261796 /* Info.plist */,
				D3F6E32B1BE63C4600FAEC59 /* Bolts.framework */,
				D3F6E32C1BE63C4600FAEC59 /* Parse.framework */,
			);
			path = AwareUser;
			sourceTree = "<group>";
		};
/* End PBXGroup section */

/* Begin PBXNativeTarget section */
		D3DE83FE1BE452DA00261796 /* AwareUser */ = {
			isa = PBXNativeTarget;
			buildConfigurationList = D3DE84111BE452DA00261796 /* Build configuration list for PBXNativeTarget "AwareUser" */;
			buildPhases = (
				D3DE83FB1BE452DA00261796 /* Sources */,
				D3DE83FC1BE452DA00261796 /* Frameworks */,
				D3DE83FD1BE452DA00261796 /* Resources */,
			);
			buildRules = (
			);
			dependencies = (
			);
			name = AwareUser;
			productName = AwareUser;
			productReference = D3DE83FF1BE452DA00261796 /* AwareUser.app */;
			productType = "com.apple.product-type.application";
		};
/* End PBXNativeTarget section */

/* Begin PBXProject section */
		D3DE83F71BE452DA00261796 /* Project object */ = {
			isa = PBXProject;
			attributes = {
				LastSwiftUpdateCheck = 0710;
				LastUpgradeCheck = 0710;
				ORGANIZATIONNAME = 3Smurfs;
				TargetAttributes = {
					D3DE83FE1BE452DA00261796 = {
						CreatedOnToolsVersion = 7.1;
						DevelopmentTeam = JZ92YFTR72;
					};
				};
			};
			buildConfigurationList = D3DE83FA1BE452DA00261796 /* Build configuration list for PBXProject "AwareUser" */;
			compatibilityVersion = "Xcode 3.2";
			developmentRegion = English;
			hasScannedForEncodings = 0;
			knownRegions = (
				en,
				Base,
			);
			mainGroup = D3DE83F61BE452DA00261796;
			productRefGroup = D3DE84001BE452DA00261796 /* Products */;
			projectDirPath = "";
			projectRoot = "";
			targets = (
				D3DE83FE1BE452DA00261796 /* AwareUser */,
			);
		};
/* End PBXProject section */

/* Begin PBXResourcesBuildPhase section */
		D3DE83FD1BE452DA00261796 /* Resources */ = {
			isa = PBXResourcesBuildPhase;
			buildActionMask = 2147483647;
			files = (
				D34038CC1BF0958600337B7D /* Main.storyboard in Resources */,
				D3DE840D1BE452DA00261796 /* LaunchScreen.storyboard in Resources */,
				D3DE840A1BE452DA00261796 /* Assets.xcassets in Resources */,
			);
			runOnlyForDeploymentPostprocessing = 0;
		};
/* End PBXResourcesBuildPhase section */

/* Begin PBXSourcesBuildPhase section */
		D3DE83FB1BE452DA00261796 /* Sources */ = {
			isa = PBXSourcesBuildPhase;
			buildActionMask = 2147483647;
			files = (
				D38B2CC91BF37596000A3E6D /* TouchID.swift in Sources */,
				D318AC541BE89B790025160D /* AnswersTable.swift in Sources */,
				D318AC521BE897520025160D /* CheckBox.swift in Sources */,
				D3DE84051BE452DA00261796 /* ViewController.swift in Sources */,
				D318AC561BE89D300025160D /* AnswersCell.swift in Sources */,
				D3FF47F81BEB5BF000B2832B /* LoginController.swift in Sources */,
				D3DE84031BE452DA00261796 /* AppDelegate.swift in Sources */,
				D3F6E3441BE7480700FAEC59 /* ParseAPIClient.swift in Sources */,
				D3F9D08A1BE96DDB00305D08 /* ResultsController.swift in Sources */,
				D3F9D08C1BE9FD3F00305D08 /* HistoryViewController.swift in Sources */,
			);
			runOnlyForDeploymentPostprocessing = 0;
		};
/* End PBXSourcesBuildPhase section */

/* Begin PBXVariantGroup section */
		D3DE840B1BE452DA00261796 /* LaunchScreen.storyboard */ = {
			isa = PBXVariantGroup;
			children = (
				D3DE840C1BE452DA00261796 /* Base */,
			);
			name = LaunchScreen.storyboard;
			sourceTree = "<group>";
		};
/* End PBXVariantGroup section */

/* Begin XCBuildConfiguration section */
		D3DE840F1BE452DA00261796 /* Debug */ = {
			isa = XCBuildConfiguration;
			buildSettings = {
				ALWAYS_SEARCH_USER_PATHS = NO;
				CLANG_CXX_LANGUAGE_STANDARD = "gnu++0x";
				CLANG_CXX_LIBRARY = "libc++";
				CLANG_ENABLE_MODULES = YES;
				CLANG_ENABLE_OBJC_ARC = YES;
				CLANG_WARN_BOOL_CONVERSION = YES;
				CLANG_WARN_CONSTANT_CONVERSION = YES;
				CLANG_WARN_DIRECT_OBJC_ISA_USAGE = YES_ERROR;
				CLANG_WARN_EMPTY_BODY = YES;
				CLANG_WARN_ENUM_CONVERSION = YES;
				CLANG_WARN_INT_CONVERSION = YES;
				CLANG_WARN_OBJC_ROOT_CLASS = YES_ERROR;
				CLANG_WARN_UNREACHABLE_CODE = YES;
				CLANG_WARN__DUPLICATE_METHOD_MATCH = YES;
				"CODE_SIGN_IDENTITY[sdk=iphoneos*]" = "iPhone Developer";
				COPY_PHASE_STRIP = NO;
				DEBUG_INFORMATION_FORMAT = dwarf;
				ENABLE_STRICT_OBJC_MSGSEND = YES;
				ENABLE_TESTABILITY = YES;
				GCC_C_LANGUAGE_STANDARD = gnu99;
				GCC_DYNAMIC_NO_PIC = NO;
				GCC_NO_COMMON_BLOCKS = YES;
				GCC_OPTIMIZATION_LEVEL = 0;
				GCC_PREPROCESSOR_DEFINITIONS = (
					"DEBUG=1",
					"$(inherited)",
				);
				GCC_WARN_64_TO_32_BIT_CONVERSION = YES;
				GCC_WARN_ABOUT_RETURN_TYPE = YES_ERROR;
				GCC_WARN_UNDECLARED_SELECTOR = YES;
				GCC_WARN_UNINITIALIZED_AUTOS = YES_AGGRESSIVE;
				GCC_WARN_UNUSED_FUNCTION = YES;
				GCC_WARN_UNUSED_VARIABLE = YES;
				IPHONEOS_DEPLOYMENT_TARGET = 9.1;
				MTL_ENABLE_DEBUG_INFO = YES;
				ONLY_ACTIVE_ARCH = YES;
				SDKROOT = iphoneos;
				SWIFT_OPTIMIZATION_LEVEL = "-Onone";
				TARGETED_DEVICE_FAMILY = "1,2";
			};
			name = Debug;
		};
		D3DE84101BE452DA00261796 /* Release */ = {
			isa = XCBuildConfiguration;
			buildSettings = {
				ALWAYS_SEARCH_USER_PATHS = NO;
				CLANG_CXX_LANGUAGE_STANDARD = "gnu++0x";
				CLANG_CXX_LIBRARY = "libc++";
				CLANG_ENABLE_MODULES = YES;
				CLANG_ENABLE_OBJC_ARC = YES;
				CLANG_WARN_BOOL_CONVERSION = YES;
				CLANG_WARN_CONSTANT_CONVERSION = YES;
				CLANG_WARN_DIRECT_OBJC_ISA_USAGE = YES_ERROR;
				CLANG_WARN_EMPTY_BODY = YES;
				CLANG_WARN_ENUM_CONVERSION = YES;
				CLANG_WARN_INT_CONVERSION = YES;
				CLANG_WARN_OBJC_ROOT_CLASS = YES_ERROR;
				CLANG_WARN_UNREACHABLE_CODE = YES;
				CLANG_WARN__DUPLICATE_METHOD_MATCH = YES;
				"CODE_SIGN_IDENTITY[sdk=iphoneos*]" = "iPhone Developer";
				COPY_PHASE_STRIP = NO;
				DEBUG_INFORMATION_FORMAT = "dwarf-with-dsym";
				ENABLE_NS_ASSERTIONS = NO;
				ENABLE_STRICT_OBJC_MSGSEND = YES;
				GCC_C_LANGUAGE_STANDARD = gnu99;
				GCC_NO_COMMON_BLOCKS = YES;
				GCC_WARN_64_TO_32_BIT_CONVERSION = YES;
				GCC_WARN_ABOUT_RETURN_TYPE = YES_ERROR;
				GCC_WARN_UNDECLARED_SELECTOR = YES;
				GCC_WARN_UNINITIALIZED_AUTOS = YES_AGGRESSIVE;
				GCC_WARN_UNUSED_FUNCTION = YES;
				GCC_WARN_UNUSED_VARIABLE = YES;
				IPHONEOS_DEPLOYMENT_TARGET = 9.1;
				MTL_ENABLE_DEBUG_INFO = NO;
				SDKROOT = iphoneos;
				TARGETED_DEVICE_FAMILY = "1,2";
				VALIDATE_PRODUCT = YES;
			};
			name = Release;
		};
		D3DE84121BE452DA00261796 /* Debug */ = {
			isa = XCBuildConfiguration;
			buildSettings = {
				ASSETCATALOG_COMPILER_APPICON_NAME = AppIcon;
				CLANG_USE_OPTIMIZATION_PROFILE = YES;
				CODE_SIGN_IDENTITY = "iPhone Developer";
				FRAMEWORK_SEARCH_PATHS = (
					"$(inherited)",
					"$(PROJECT_DIR)/AwareUser",
				);
				INFOPLIST_FILE = AwareUser/Info.plist;
				IPHONEOS_DEPLOYMENT_TARGET = 9.0;
				LD_RUNPATH_SEARCH_PATHS = "$(inherited) @executable_path/Frameworks";
				PRODUCT_BUNDLE_IDENTIFIER = "-smurfs.com.AwarenessUsr";
				PRODUCT_NAME = "$(TARGET_NAME)";
			};
			name = Debug;
		};
		D3DE84131BE452DA00261796 /* Release */ = {
			isa = XCBuildConfiguration;
			buildSettings = {
				ASSETCATALOG_COMPILER_APPICON_NAME = AppIcon;
				CLANG_USE_OPTIMIZATION_PROFILE = YES;
				CODE_SIGN_IDENTITY = "iPhone Developer";
				FRAMEWORK_SEARCH_PATHS = (
					"$(inherited)",
					"$(PROJECT_DIR)/AwareUser",
				);
				INFOPLIST_FILE = AwareUser/Info.plist;
				IPHONEOS_DEPLOYMENT_TARGET = 9.0;
				LD_RUNPATH_SEARCH_PATHS = "$(inherited) @executable_path/Frameworks";
				PRODUCT_BUNDLE_IDENTIFIER = "-smurfs.com.AwarenessUsr";
				PRODUCT_NAME = "$(TARGET_NAME)";
			};
			name = Release;
		};
/* End XCBuildConfiguration section */

/* Begin XCConfigurationList section */
		D3DE83FA1BE452DA00261796 /* Build configuration list for PBXProject "AwareUser" */ = {
			isa = XCConfigurationList;
			buildConfigurations = (
				D3DE840F1BE452DA00261796 /* Debug */,
				D3DE84101BE452DA00261796 /* Release */,
			);
			defaultConfigurationIsVisible = 0;
			defaultConfigurationName = Release;
		};
		D3DE84111BE452DA00261796 /* Build configuration list for PBXNativeTarget "AwareUser" */ = {
			isa = XCConfigurationList;
			buildConfigurations = (
				D3DE84121BE452DA00261796 /* Debug */,
				D3DE84131BE452DA00261796 /* Release */,
			);
			defaultConfigurationIsVisible = 0;
			defaultConfigurationName = Release;
		};
/* End XCConfigurationList section */
	};
	rootObject = D3DE83F71BE452DA00261796 /* Project object */;
}
