// !$*UTF8*$!
{
	archiveVersion = 1;
	classes = {
	};
	objectVersion = 46;
	objects = {

/* Begin PBXBuildFile section */
		D3DE84031BE452DA00261796 /* AppDelegate.swift in Sources */ = {isa = PBXBuildFile; fileRef = D3DE84021BE452DA00261796 /* AppDelegate.swift */; };
		D3DE84051BE452DA00261796 /* ViewController.swift in Sources */ = {isa = PBXBuildFile; fileRef = D3DE84041BE452DA00261796 /* ViewController.swift */; };
		D3DE84081BE452DA00261796 /* Main.storyboard in Resources */ = {isa = PBXBuildFile; fileRef = D3DE84061BE452DA00261796 /* Main.storyboard */; };
		D3DE840A1BE452DA00261796 /* Assets.xcassets in Resources */ = {isa = PBXBuildFile; fileRef = D3DE84091BE452DA00261796 /* Assets.xcassets */; };
		D3DE840D1BE452DA00261796 /* LaunchScreen.storyboard in Resources */ = {isa = PBXBuildFile; fileRef = D3DE840B1BE452DA00261796 /* LaunchScreen.storyboard */; };
/* End PBXBuildFile section */

/* Begin PBXFileReference section */
		D3DE83FF1BE452DA00261796 /* AwareUser.app */ = {isa = PBXFileReference; explicitFileType = wrapper.application; includeInIndex = 0; path = AwareUser.app; sourceTree = BUILT_PRODUCTS_DIR; };
		D3DE84021BE452DA00261796 /* AppDelegate.swift */ = {isa = PBXFileReference; lastKnownFileType = sourcecode.swift; path = AppDelegate.swift; sourceTree = "<group>"; };
		D3DE84041BE452DA00261796 /* ViewController.swift */ = {isa = PBXFileReference; lastKnownFileType = sourcecode.swift; path = ViewController.swift; sourceTree = "<group>"; };
		D3DE84071BE452DA00261796 /* Base */ = {isa = PBXFileReference; lastKnownFileType = file.storyboard; name = Base; path = Base.lproj/Main.storyboard; sourceTree = "<group>"; };
		D3DE84091BE452DA00261796 /* Assets.xcassets */ = {isa = PBXFileReference; lastKnownFileType = folder.assetcatalog; path = Assets.xcassets; sourceTree = "<group>"; };
		D3DE840C1BE452DA00261796 /* Base */ = {isa = PBXFileReference; lastKnownFileType = file.storyboard; name = Base; path = Base.lproj/LaunchScreen.storyboard; sourceTree = "<group>"; };
		D3DE840E1BE452DA00261796 /* Info.plist */ = {isa = PBXFileReference; lastKnownFileType = text.plist.xml; path = Info.plist; sourceTree = "<group>"; };
/* End PBXFileReference section */

/* Begin PBXFrameworksBuildPhase section */
		D3DE83FC1BE452DA00261796 /* Frameworks */ = {
			isa = PBXFrameworksBuildPhase;
			buildActionMask = 2147483647;
			files = (
			);
			runOnlyForDeploymentPostprocessing = 0;
		};
/* End PBXFrameworksBuildPhase section */

/* Begin PBXGroup section */
		D3DE83F61BE452DA00261796 = {
			isa = PBXGroup;
			children = (
				D3DE84011BE452DA00261796 /* AwareUser */,
				D3DE84001BE452DA00261796 /* Products */,
			);
			sourceTree = "<group>";
		};
		D3DE84001BE452DA00261796 /* Products */ = {
			isa = PBXGroup;
			children = (
				D3DE83FF1BE452DA00261796 /* AwareUser.app */,
			);
			name = Products;
			sourceTree = "<group>";
		};
		D3DE84011BE452DA00261796 /* AwareUser */ = {
			isa = PBXGroup;
			children = (
				D3DE84021BE452DA00261796 /* AppDelegate.swift */,
				D3DE84041BE452DA00261796 /* ViewController.swift */,
				D3DE84061BE452DA00261796 /* Main.storyboard */,
				D3DE84091BE452DA00261796 /* Assets.xcassets */,
				D3DE840B1BE452DA00261796 /* LaunchScreen.storyboard */,
				D3DE840E1BE452DA00261796 /* Info.plist */,
			);
			path = AwareUser;
			sourceTree = "<group>";
		};
/* End PBXGroup section */

/* Begin PBXNativeTarget section */
		D3DE83FE1BE452DA00261796 /* AwareUser */ = {
			isa = PBXNativeTarget;
			buildConfigurationList = D3DE84111BE452DA00261796 /* Build configuration list for PBXNativeTarget "AwareUser" */;
			buildPhases = (
				D3DE83FB1BE452DA00261796 /* Sources */,
				D3DE83FC1BE452DA00261796 /* Frameworks */,
				D3DE83FD1BE452DA00261796 /* Resources */,
			);
			buildRules = (
			);
			dependencies = (
			);
			name = AwareUser;
			productName = AwareUser;
			productReference = D3DE83FF1BE452DA00261796 /* AwareUser.app */;
			productType = "com.apple.product-type.application";
		};
/* End PBXNativeTarget section */

/* Begin PBXProject section */
		D3DE83F71BE452DA00261796 /* Project object */ = {
			isa = PBXProject;
			attributes = {
				LastSwiftUpdateCheck = 0710;
				LastUpgradeCheck = 0710;
				ORGANIZATIONNAME = 3Smurfs;
				TargetAttributes = {
					D3DE83FE1BE452DA00261796 = {
						CreatedOnToolsVersion = 7.1;
						DevelopmentTeam = JZ92YFTR72;
					};
				};
			};
			buildConfigurationList = D3DE83FA1BE452DA00261796 /* Build configuration list for PBXProject "AwareUser" */;
			compatibilityVersion = "Xcode 3.2";
			developmentRegion = English;
			hasScannedForEncodings = 0;
			knownRegions = (
				en,
				Base,
			);
			mainGroup = D3DE83F61BE452DA00261796;
			productRefGroup = D3DE84001BE452DA00261796 /* Products */;
			projectDirPath = "";
			projectRoot = "";
			targets = (
				D3DE83FE1BE452DA00261796 /* AwareUser */,
			);
		};
/* End PBXProject section */

/* Begin PBXResourcesBuildPhase section */
		D3DE83FD1BE452DA00261796 /* Resources */ = {
			isa = PBXResourcesBuildPhase;
			buildActionMask = 2147483647;
			files = (
				D3DE840D1BE452DA00261796 /* LaunchScreen.storyboard in Resources */,
				D3DE840A1BE452DA00261796 /* Assets.xcassets in Resources */,
				D3DE84081BE452DA00261796 /* Main.storyboard in Resources */,
			);
			runOnlyForDeploymentPostprocessing = 0;
		};
/* End PBXResourcesBuildPhase section */

/* Begin PBXSourcesBuildPhase section */
		D3DE83FB1BE452DA00261796 /* Sources */ = {
			isa = PBXSourcesBuildPhase;
			buildActionMask = 2147483647;
			files = (
				D3DE84051BE452DA00261796 /* ViewController.swift in Sources */,
				D3DE84031BE452DA00261796 /* AppDelegate.swift in Sources */,
			);
			runOnlyForDeploymentPostprocessing = 0;
		};
/* End PBXSourcesBuildPhase section */

/* Begin PBXVariantGroup section */
		D3DE84061BE452DA00261796 /* Main.storyboard */ = {
			isa = PBXVariantGroup;
			children = (
				D3DE84071BE452DA00261796 /* Base */,
			);
			name = Main.storyboard;
			sourceTree = "<group>";
		};
		D3DE840B1BE452DA00261796 /* LaunchScreen.storyboard */ = {
			isa = PBXVariantGroup;
			children = (
				D3DE840C1BE452DA00261796 /* Base */,
			);
			name = LaunchScreen.storyboard;
			sourceTree = "<group>";
		};
/* End PBXVariantGroup section */

/* Begin XCBuildConfiguration section */
		D3DE840F1BE452DA00261796 /* Debug */ = {
			isa = XCBuildConfiguration;
			buildSettings = {
				ALWAYS_SEARCH_USER_PATHS = NO;
				CLANG_CXX_LANGUAGE_STANDARD = "gnu++0x";
				CLANG_CXX_LIBRARY = "libc++";
				CLANG_ENABLE_MODULES = YES;
				CLANG_ENABLE_OBJC_ARC = YES;
				CLANG_WARN_BOOL_CONVERSION = YES;
				CLANG_WARN_CONSTANT_CONVERSION = YES;
				CLANG_WARN_DIRECT_OBJC_ISA_USAGE = YES_ERROR;
				CLANG_WARN_EMPTY_BODY = YES;
				CLANG_WARN_ENUM_CONVERSION = YES;
				CLANG_WARN_INT_CONVERSION = YES;
				CLANG_WARN_OBJC_ROOT_CLASS = YES_ERROR;
				CLANG_WARN_UNREACHABLE_CODE = YES;
				CLANG_WARN__DUPLICATE_METHOD_MATCH = YES;
				"CODE_SIGN_IDENTITY[sdk=iphoneos*]" = "iPhone Developer";
				COPY_PHASE_STRIP = NO;
				DEBUG_INFORMATION_FORMAT = dwarf;
				ENABLE_STRICT_OBJC_MSGSEND = YES;
				ENABLE_TESTABILITY = YES;
				GCC_C_LANGUAGE_STANDARD = gnu99;
				GCC_DYNAMIC_NO_PIC = NO;
				GCC_NO_COMMON_BLOCKS = YES;
				GCC_OPTIMIZATION_LEVEL = 0;
				GCC_PREPROCESSOR_DEFINITIONS = (
					"DEBUG=1",
					"$(inherited)",
				);
				GCC_WARN_64_TO_32_BIT_CONVERSION = YES;
				GCC_WARN_ABOUT_RETURN_TYPE = YES_ERROR;
				GCC_WARN_UNDECLARED_SELECTOR = YES;
				GCC_WARN_UNINITIALIZED_AUTOS = YES_AGGRESSIVE;
				GCC_WARN_UNUSED_FUNCTION = YES;
				GCC_WARN_UNUSED_VARIABLE = YES;
				IPHONEOS_DEPLOYMENT_TARGET = 9.1;
				MTL_ENABLE_DEBUG_INFO = YES;
				ONLY_ACTIVE_ARCH = YES;
				SDKROOT = iphoneos;
				SWIFT_OPTIMIZATION_LEVEL = "-Onone";
				TARGETED_DEVICE_FAMILY = "1,2";
			};
			name = Debug;
		};
		D3DE84101BE452DA00261796 /* Release */ = {
			isa = XCBuildConfiguration;
			buildSettings = {
				ALWAYS_SEARCH_USER_PATHS = NO;
				CLANG_CXX_LANGUAGE_STANDARD = "gnu++0x";
				CLANG_CXX_LIBRARY = "libc++";
				CLANG_ENABLE_MODULES = YES;
				CLANG_ENABLE_OBJC_ARC = YES;
				CLANG_WARN_BOOL_CONVERSION = YES;
				CLANG_WARN_CONSTANT_CONVERSION = YES;
				CLANG_WARN_DIRECT_OBJC_ISA_USAGE = YES_ERROR;
				CLANG_WARN_EMPTY_BODY = YES;
				CLANG_WARN_ENUM_CONVERSION = YES;
				CLANG_WARN_INT_CONVERSION = YES;
				CLANG_WARN_OBJC_ROOT_CLASS = YES_ERROR;
				CLANG_WARN_UNREACHABLE_CODE = YES;
				CLANG_WARN__DUPLICATE_METHOD_MATCH = YES;
				"CODE_SIGN_IDENTITY[sdk=iphoneos*]" = "iPhone Developer";
				COPY_PHASE_STRIP = NO;
				DEBUG_INFORMATION_FORMAT = "dwarf-with-dsym";
				ENABLE_NS_ASSERTIONS = NO;
				ENABLE_STRICT_OBJC_MSGSEND = YES;
				GCC_C_LANGUAGE_STANDARD = gnu99;
				GCC_NO_COMMON_BLOCKS = YES;
				GCC_WARN_64_TO_32_BIT_CONVERSION = YES;
				GCC_WARN_ABOUT_RETURN_TYPE = YES_ERROR;
				GCC_WARN_UNDECLARED_SELECTOR = YES;
				GCC_WARN_UNINITIALIZED_AUTOS = YES_AGGRESSIVE;
				GCC_WARN_UNUSED_FUNCTION = YES;
				GCC_WARN_UNUSED_VARIABLE = YES;
				IPHONEOS_DEPLOYMENT_TARGET = 9.1;
				MTL_ENABLE_DEBUG_INFO = NO;
				SDKROOT = iphoneos;
				TARGETED_DEVICE_FAMILY = "1,2";
				VALIDATE_PRODUCT = YES;
			};
			name = Release;
		};
		D3DE84121BE452DA00261796 /* Debug */ = {
			isa = XCBuildConfiguration;
			buildSettings = {
				ASSETCATALOG_COMPILER_APPICON_NAME = AppIcon;
				INFOPLIST_FILE = AwareUser/Info.plist;
				LD_RUNPATH_SEARCH_PATHS = "$(inherited) @executable_path/Frameworks";
				PRODUCT_BUNDLE_IDENTIFIER = "-smurfs.com.AwareUser";
				PRODUCT_NAME = "$(TARGET_NAME)";
			};
			name = Debug;
		};
		D3DE84131BE452DA00261796 /* Release */ = {
			isa = XCBuildConfiguration;
			buildSettings = {
				ASSETCATALOG_COMPILER_APPICON_NAME = AppIcon;
				INFOPLIST_FILE = AwareUser/Info.plist;
				LD_RUNPATH_SEARCH_PATHS = "$(inherited) @executable_path/Frameworks";
				PRODUCT_BUNDLE_IDENTIFIER = "-smurfs.com.AwareUser";
				PRODUCT_NAME = "$(TARGET_NAME)";
			};
			name = Release;
		};
/* End XCBuildConfiguration section */

/* Begin XCConfigurationList section */
		D3DE83FA1BE452DA00261796 /* Build configuration list for PBXProject "AwareUser" */ = {
			isa = XCConfigurationList;
			buildConfigurations = (
				D3DE840F1BE452DA00261796 /* Debug */,
				D3DE84101BE452DA00261796 /* Release */,
			);
			defaultConfigurationIsVisible = 0;
			defaultConfigurationName = Release;
		};
		D3DE84111BE452DA00261796 /* Build configuration list for PBXNativeTarget "AwareUser" */ = {
			isa = XCConfigurationList;
			buildConfigurations = (
				D3DE84121BE452DA00261796 /* Debug */,
				D3DE84131BE452DA00261796 /* Release */,
			);
			defaultConfigurationIsVisible = 0;
		};
/* End XCConfigurationList section */
	};
	rootObject = D3DE83F71BE452DA00261796 /* Project object */;
}
